// !$*UTF8*$!
{
	archiveVersion = 1;
	classes = {
	};
	objectVersion = 46;
	objects = {

/* Begin PBXBuildFile section */
		892DB48019E72C2100A66BD5 /* AppDelegate.swift in Sources */ = {isa = PBXBuildFile; fileRef = 892DB47F19E72C2100A66BD5 /* AppDelegate.swift */; };
		892DB48219E72C2100A66BD5 /* ViewController.swift in Sources */ = {isa = PBXBuildFile; fileRef = 892DB48119E72C2100A66BD5 /* ViewController.swift */; };
		892DB48519E72C2100A66BD5 /* Main.storyboard in Resources */ = {isa = PBXBuildFile; fileRef = 892DB48319E72C2100A66BD5 /* Main.storyboard */; };
		892DB48719E72C2100A66BD5 /* Images.xcassets in Resources */ = {isa = PBXBuildFile; fileRef = 892DB48619E72C2100A66BD5 /* Images.xcassets */; };
		892DB48A19E72C2100A66BD5 /* LaunchScreen.xib in Resources */ = {isa = PBXBuildFile; fileRef = 892DB48819E72C2100A66BD5 /* LaunchScreen.xib */; };
		892DB49619E72C2100A66BD5 /* PhotoFiltersTests.swift in Sources */ = {isa = PBXBuildFile; fileRef = 892DB49519E72C2100A66BD5 /* PhotoFiltersTests.swift */; };
		89A35F8119EA4A1C00C41A60 /* 2014-01-18 00.33.13.jpg in Resources */ = {isa = PBXBuildFile; fileRef = 89A35F8019EA4A1C00C41A60 /* 2014-01-18 00.33.13.jpg */; };
/* End PBXBuildFile section */

/* Begin PBXContainerItemProxy section */
		892DB49019E72C2100A66BD5 /* PBXContainerItemProxy */ = {
			isa = PBXContainerItemProxy;
			containerPortal = 892DB47219E72C2100A66BD5 /* Project object */;
			proxyType = 1;
			remoteGlobalIDString = 892DB47919E72C2100A66BD5;
			remoteInfo = PhotoFilters;
		};
/* End PBXContainerItemProxy section */

/* Begin PBXFileReference section */
		892DB47A19E72C2100A66BD5 /* PhotoFilters.app */ = {isa = PBXFileReference; explicitFileType = wrapper.application; includeInIndex = 0; path = PhotoFilters.app; sourceTree = BUILT_PRODUCTS_DIR; };
		892DB47E19E72C2100A66BD5 /* Info.plist */ = {isa = PBXFileReference; lastKnownFileType = text.plist.xml; path = Info.plist; sourceTree = "<group>"; };
		892DB47F19E72C2100A66BD5 /* AppDelegate.swift */ = {isa = PBXFileReference; lastKnownFileType = sourcecode.swift; path = AppDelegate.swift; sourceTree = "<group>"; };
		892DB48119E72C2100A66BD5 /* ViewController.swift */ = {isa = PBXFileReference; lastKnownFileType = sourcecode.swift; path = ViewController.swift; sourceTree = "<group>"; };
		892DB48419E72C2100A66BD5 /* Base */ = {isa = PBXFileReference; lastKnownFileType = file.storyboard; name = Base; path = Base.lproj/Main.storyboard; sourceTree = "<group>"; };
		892DB48619E72C2100A66BD5 /* Images.xcassets */ = {isa = PBXFileReference; lastKnownFileType = folder.assetcatalog; path = Images.xcassets; sourceTree = "<group>"; };
		892DB48919E72C2100A66BD5 /* Base */ = {isa = PBXFileReference; lastKnownFileType = file.xib; name = Base; path = Base.lproj/LaunchScreen.xib; sourceTree = "<group>"; };
		892DB48F19E72C2100A66BD5 /* PhotoFiltersTests.xctest */ = {isa = PBXFileReference; explicitFileType = wrapper.cfbundle; includeInIndex = 0; path = PhotoFiltersTests.xctest; sourceTree = BUILT_PRODUCTS_DIR; };
		892DB49419E72C2100A66BD5 /* Info.plist */ = {isa = PBXFileReference; lastKnownFileType = text.plist.xml; path = Info.plist; sourceTree = "<group>"; };
		892DB49519E72C2100A66BD5 /* PhotoFiltersTests.swift */ = {isa = PBXFileReference; lastKnownFileType = sourcecode.swift; path = PhotoFiltersTests.swift; sourceTree = "<group>"; };
		89A35F8019EA4A1C00C41A60 /* 2014-01-18 00.33.13.jpg */ = {isa = PBXFileReference; lastKnownFileType = image.jpeg; path = "2014-01-18 00.33.13.jpg"; sourceTree = "<group>"; };
/* End PBXFileReference section */

/* Begin PBXFrameworksBuildPhase section */
		892DB47719E72C2100A66BD5 /* Frameworks */ = {
			isa = PBXFrameworksBuildPhase;
			buildActionMask = 2147483647;
			files = (
			);
			runOnlyForDeploymentPostprocessing = 0;
		};
		892DB48C19E72C2100A66BD5 /* Frameworks */ = {
			isa = PBXFrameworksBuildPhase;
			buildActionMask = 2147483647;
			files = (
			);
			runOnlyForDeploymentPostprocessing = 0;
		};
/* End PBXFrameworksBuildPhase section */

/* Begin PBXGroup section */
		892DB47119E72C2100A66BD5 = {
			isa = PBXGroup;
			children = (
				892DB47C19E72C2100A66BD5 /* PhotoFilters */,
				892DB49219E72C2100A66BD5 /* PhotoFiltersTests */,
				892DB47B19E72C2100A66BD5 /* Products */,
			);
			sourceTree = "<group>";
		};
		892DB47B19E72C2100A66BD5 /* Products */ = {
			isa = PBXGroup;
			children = (
				892DB47A19E72C2100A66BD5 /* PhotoFilters.app */,
				892DB48F19E72C2100A66BD5 /* PhotoFiltersTests.xctest */,
			);
			name = Products;
			sourceTree = "<group>";
		};
		892DB47C19E72C2100A66BD5 /* PhotoFilters */ = {
			isa = PBXGroup;
			children = (
				89A35F8019EA4A1C00C41A60 /* 2014-01-18 00.33.13.jpg */,
				892DB47F19E72C2100A66BD5 /* AppDelegate.swift */,
				892DB48119E72C2100A66BD5 /* ViewController.swift */,
				892DB48319E72C2100A66BD5 /* Main.storyboard */,
				892DB48619E72C2100A66BD5 /* Images.xcassets */,
				892DB48819E72C2100A66BD5 /* LaunchScreen.xib */,
				892DB47D19E72C2100A66BD5 /* Supporting Files */,
			);
			path = PhotoFilters;
			sourceTree = "<group>";
		};
		892DB47D19E72C2100A66BD5 /* Supporting Files */ = {
			isa = PBXGroup;
			children = (
				892DB47E19E72C2100A66BD5 /* Info.plist */,
			);
			name = "Supporting Files";
			sourceTree = "<group>";
		};
		892DB49219E72C2100A66BD5 /* PhotoFiltersTests */ = {
			isa = PBXGroup;
			children = (
				892DB49519E72C2100A66BD5 /* PhotoFiltersTests.swift */,
				892DB49319E72C2100A66BD5 /* Supporting Files */,
			);
			path = PhotoFiltersTests;
			sourceTree = "<group>";
		};
		892DB49319E72C2100A66BD5 /* Supporting Files */ = {
			isa = PBXGroup;
			children = (
				892DB49419E72C2100A66BD5 /* Info.plist */,
			);
			name = "Supporting Files";
			sourceTree = "<group>";
		};
/* End PBXGroup section */

/* Begin PBXNativeTarget section */
		892DB47919E72C2100A66BD5 /* PhotoFilters */ = {
			isa = PBXNativeTarget;
			buildConfigurationList = 892DB49919E72C2100A66BD5 /* Build configuration list for PBXNativeTarget "PhotoFilters" */;
			buildPhases = (
				892DB47619E72C2100A66BD5 /* Sources */,
				892DB47719E72C2100A66BD5 /* Frameworks */,
				892DB47819E72C2100A66BD5 /* Resources */,
			);
			buildRules = (
			);
			dependencies = (
			);
			name = PhotoFilters;
			productName = PhotoFilters;
			productReference = 892DB47A19E72C2100A66BD5 /* PhotoFilters.app */;
			productType = "com.apple.product-type.application";
		};
		892DB48E19E72C2100A66BD5 /* PhotoFiltersTests */ = {
			isa = PBXNativeTarget;
			buildConfigurationList = 892DB49C19E72C2100A66BD5 /* Build configuration list for PBXNativeTarget "PhotoFiltersTests" */;
			buildPhases = (
				892DB48B19E72C2100A66BD5 /* Sources */,
				892DB48C19E72C2100A66BD5 /* Frameworks */,
				892DB48D19E72C2100A66BD5 /* Resources */,
			);
			buildRules = (
			);
			dependencies = (
				892DB49119E72C2100A66BD5 /* PBXTargetDependency */,
			);
			name = PhotoFiltersTests;
			productName = PhotoFiltersTests;
			productReference = 892DB48F19E72C2100A66BD5 /* PhotoFiltersTests.xctest */;
			productType = "com.apple.product-type.bundle.unit-test";
		};
/* End PBXNativeTarget section */

/* Begin PBXProject section */
		892DB47219E72C2100A66BD5 /* Project object */ = {
			isa = PBXProject;
			attributes = {
				LastUpgradeCheck = 0600;
				ORGANIZATIONNAME = "Victoria Bian";
				TargetAttributes = {
					892DB47919E72C2100A66BD5 = {
						CreatedOnToolsVersion = 6.0.1;
					};
					892DB48E19E72C2100A66BD5 = {
						CreatedOnToolsVersion = 6.0.1;
						TestTargetID = 892DB47919E72C2100A66BD5;
					};
				};
			};
			buildConfigurationList = 892DB47519E72C2100A66BD5 /* Build configuration list for PBXProject "PhotoFilters" */;
			compatibilityVersion = "Xcode 3.2";
			developmentRegion = English;
			hasScannedForEncodings = 0;
			knownRegions = (
				en,
				Base,
			);
			mainGroup = 892DB47119E72C2100A66BD5;
			productRefGroup = 892DB47B19E72C2100A66BD5 /* Products */;
			projectDirPath = "";
			projectRoot = "";
			targets = (
				892DB47919E72C2100A66BD5 /* PhotoFilters */,
				892DB48E19E72C2100A66BD5 /* PhotoFiltersTests */,
			);
		};
/* End PBXProject section */

/* Begin PBXResourcesBuildPhase section */
		892DB47819E72C2100A66BD5 /* Resources */ = {
			isa = PBXResourcesBuildPhase;
			buildActionMask = 2147483647;
			files = (
				892DB48519E72C2100A66BD5 /* Main.storyboard in Resources */,
				892DB48A19E72C2100A66BD5 /* LaunchScreen.xib in Resources */,
				892DB48719E72C2100A66BD5 /* Images.xcassets in Resources */,
				89A35F8119EA4A1C00C41A60 /* 2014-01-18 00.33.13.jpg in Resources */,
			);
			runOnlyForDeploymentPostprocessing = 0;
		};
		892DB48D19E72C2100A66BD5 /* Resources */ = {
			isa = PBXResourcesBuildPhase;
			buildActionMask = 2147483647;
			files = (
			);
			runOnlyForDeploymentPostprocessing = 0;
		};
/* End PBXResourcesBuildPhase section */

/* Begin PBXSourcesBuildPhase section */
		892DB47619E72C2100A66BD5 /* Sources */ = {
			isa = PBXSourcesBuildPhase;
			buildActionMask = 2147483647;
			files = (
				892DB48219E72C2100A66BD5 /* ViewController.swift in Sources */,
				892DB48019E72C2100A66BD5 /* AppDelegate.swift in Sources */,
			);
			runOnlyForDeploymentPostprocessing = 0;
		};
		892DB48B19E72C2100A66BD5 /* Sources */ = {
			isa = PBXSourcesBuildPhase;
			buildActionMask = 2147483647;
			files = (
				892DB49619E72C2100A66BD5 /* PhotoFiltersTests.swift in Sources */,
			);
			runOnlyForDeploymentPostprocessing = 0;
		};
/* End PBXSourcesBuildPhase section */

/* Begin PBXTargetDependency section */
		892DB49119E72C2100A66BD5 /* PBXTargetDependency */ = {
			isa = PBXTargetDependency;
			target = 892DB47919E72C2100A66BD5 /* PhotoFilters */;
			targetProxy = 892DB49019E72C2100A66BD5 /* PBXContainerItemProxy */;
		};
/* End PBXTargetDependency section */

/* Begin PBXVariantGroup section */
		892DB48319E72C2100A66BD5 /* Main.storyboard */ = {
			isa = PBXVariantGroup;
			children = (
				892DB48419E72C2100A66BD5 /* Base */,
			);
			name = Main.storyboard;
			sourceTree = "<group>";
		};
		892DB48819E72C2100A66BD5 /* LaunchScreen.xib */ = {
			isa = PBXVariantGroup;
			children = (
				892DB48919E72C2100A66BD5 /* Base */,
			);
			name = LaunchScreen.xib;
			sourceTree = "<group>";
		};
/* End PBXVariantGroup section */

/* Begin XCBuildConfiguration section */
		892DB49719E72C2100A66BD5 /* Debug */ = {
			isa = XCBuildConfiguration;
			buildSettings = {
				ALWAYS_SEARCH_USER_PATHS = NO;
				CLANG_CXX_LANGUAGE_STANDARD = "gnu++0x";
				CLANG_CXX_LIBRARY = "libc++";
				CLANG_ENABLE_MODULES = YES;
				CLANG_ENABLE_OBJC_ARC = YES;
				CLANG_WARN_BOOL_CONVERSION = YES;
				CLANG_WARN_CONSTANT_CONVERSION = YES;
				CLANG_WARN_DIRECT_OBJC_ISA_USAGE = YES_ERROR;
				CLANG_WARN_EMPTY_BODY = YES;
				CLANG_WARN_ENUM_CONVERSION = YES;
				CLANG_WARN_INT_CONVERSION = YES;
				CLANG_WARN_OBJC_ROOT_CLASS = YES_ERROR;
				CLANG_WARN_UNREACHABLE_CODE = YES;
				CLANG_WARN__DUPLICATE_METHOD_MATCH = YES;
				"CODE_SIGN_IDENTITY[sdk=iphoneos*]" = "iPhone Developer";
				COPY_PHASE_STRIP = NO;
				ENABLE_STRICT_OBJC_MSGSEND = YES;
				GCC_C_LANGUAGE_STANDARD = gnu99;
				GCC_DYNAMIC_NO_PIC = NO;
				GCC_OPTIMIZATION_LEVEL = 0;
				GCC_PREPROCESSOR_DEFINITIONS = (
					"DEBUG=1",
					"$(inherited)",
				);
				GCC_SYMBOLS_PRIVATE_EXTERN = NO;
				GCC_WARN_64_TO_32_BIT_CONVERSION = YES;
				GCC_WARN_ABOUT_RETURN_TYPE = YES_ERROR;
				GCC_WARN_UNDECLARED_SELECTOR = YES;
				GCC_WARN_UNINITIALIZED_AUTOS = YES_AGGRESSIVE;
				GCC_WARN_UNUSED_FUNCTION = YES;
				GCC_WARN_UNUSED_VARIABLE = YES;
				IPHONEOS_DEPLOYMENT_TARGET = 8.0;
				MTL_ENABLE_DEBUG_INFO = YES;
				ONLY_ACTIVE_ARCH = YES;
				SDKROOT = iphoneos;
				SWIFT_OPTIMIZATION_LEVEL = "-Onone";
				TARGETED_DEVICE_FAMILY = "1,2";
			};
			name = Debug;
		};
		892DB49819E72C2100A66BD5 /* Release */ = {
			isa = XCBuildConfiguration;
			buildSettings = {
				ALWAYS_SEARCH_USER_PATHS = NO;
				CLANG_CXX_LANGUAGE_STANDARD = "gnu++0x";
				CLANG_CXX_LIBRARY = "libc++";
				CLANG_ENABLE_MODULES = YES;
				CLANG_ENABLE_OBJC_ARC = YES;
				CLANG_WARN_BOOL_CONVERSION = YES;
				CLANG_WARN_CONSTANT_CONVERSION = YES;
				CLANG_WARN_DIRECT_OBJC_ISA_USAGE = YES_ERROR;
				CLANG_WARN_EMPTY_BODY = YES;
				CLANG_WARN_ENUM_CONVERSION = YES;
				CLANG_WARN_INT_CONVERSION = YES;
				CLANG_WARN_OBJC_ROOT_CLASS = YES_ERROR;
				CLANG_WARN_UNREACHABLE_CODE = YES;
				CLANG_WARN__DUPLICATE_METHOD_MATCH = YES;
				"CODE_SIGN_IDENTITY[sdk=iphoneos*]" = "iPhone Developer";
				COPY_PHASE_STRIP = YES;
				ENABLE_NS_ASSERTIONS = NO;
				ENABLE_STRICT_OBJC_MSGSEND = YES;
				GCC_C_LANGUAGE_STANDARD = gnu99;
				GCC_WARN_64_TO_32_BIT_CONVERSION = YES;
				GCC_WARN_ABOUT_RETURN_TYPE = YES_ERROR;
				GCC_WARN_UNDECLARED_SELECTOR = YES;
				GCC_WARN_UNINITIALIZED_AUTOS = YES_AGGRESSIVE;
				GCC_WARN_UNUSED_FUNCTION = YES;
				GCC_WARN_UNUSED_VARIABLE = YES;
				IPHONEOS_DEPLOYMENT_TARGET = 8.0;
				MTL_ENABLE_DEBUG_INFO = NO;
				SDKROOT = iphoneos;
				TARGETED_DEVICE_FAMILY = "1,2";
				VALIDATE_PRODUCT = YES;
			};
			name = Release;
		};
		892DB49A19E72C2100A66BD5 /* Debug */ = {
			isa = XCBuildConfiguration;
			buildSettings = {
				ASSETCATALOG_COMPILER_APPICON_NAME = AppIcon;
				INFOPLIST_FILE = PhotoFilters/Info.plist;
				LD_RUNPATH_SEARCH_PATHS = "$(inherited) @executable_path/Frameworks";
				PRODUCT_NAME = "$(TARGET_NAME)";
			};
			name = Debug;
		};
		892DB49B19E72C2100A66BD5 /* Release */ = {
			isa = XCBuildConfiguration;
			buildSettings = {
				ASSETCATALOG_COMPILER_APPICON_NAME = AppIcon;
				INFOPLIST_FILE = PhotoFilters/Info.plist;
				LD_RUNPATH_SEARCH_PATHS = "$(inherited) @executable_path/Frameworks";
				PRODUCT_NAME = "$(TARGET_NAME)";
			};
			name = Release;
		};
		892DB49D19E72C2100A66BD5 /* Debug */ = {
			isa = XCBuildConfiguration;
			buildSettings = {
				BUNDLE_LOADER = "$(TEST_HOST)";
				FRAMEWORK_SEARCH_PATHS = (
					"$(SDKROOT)/Developer/Library/Frameworks",
					"$(inherited)",
				);
				GCC_PREPROCESSOR_DEFINITIONS = (
					"DEBUG=1",
					"$(inherited)",
				);
				INFOPLIST_FILE = PhotoFiltersTests/Info.plist;
				LD_RUNPATH_SEARCH_PATHS = "$(inherited) @executable_path/Frameworks @loader_path/Frameworks";
				PRODUCT_NAME = "$(TARGET_NAME)";
				TEST_HOST = "$(BUILT_PRODUCTS_DIR)/PhotoFilters.app/PhotoFilters";
			};
			name = Debug;
		};
		892DB49E19E72C2100A66BD5 /* Release */ = {
			isa = XCBuildConfiguration;
			buildSettings = {
				BUNDLE_LOADER = "$(TEST_HOST)";
				FRAMEWORK_SEARCH_PATHS = (
					"$(SDKROOT)/Developer/Library/Frameworks",
					"$(inherited)",
				);
				INFOPLIST_FILE = PhotoFiltersTests/Info.plist;
				LD_RUNPATH_SEARCH_PATHS = "$(inherited) @executable_path/Frameworks @loader_path/Frameworks";
				PRODUCT_NAME = "$(TARGET_NAME)";
				TEST_HOST = "$(BUILT_PRODUCTS_DIR)/PhotoFilters.app/PhotoFilters";
			};
			name = Release;
		};
/* End XCBuildConfiguration section */

/* Begin XCConfigurationList section */
		892DB47519E72C2100A66BD5 /* Build configuration list for PBXProject "PhotoFilters" */ = {
			isa = XCConfigurationList;
			buildConfigurations = (
				892DB49719E72C2100A66BD5 /* Debug */,
				892DB49819E72C2100A66BD5 /* Release */,
			);
			defaultConfigurationIsVisible = 0;
			defaultConfigurationName = Release;
		};
		892DB49919E72C2100A66BD5 /* Build configuration list for PBXNativeTarget "PhotoFilters" */ = {
			isa = XCConfigurationList;
			buildConfigurations = (
				892DB49A19E72C2100A66BD5 /* Debug */,
				892DB49B19E72C2100A66BD5 /* Release */,
			);
			defaultConfigurationIsVisible = 0;
			defaultConfigurationName = Release;
		};
		892DB49C19E72C2100A66BD5 /* Build configuration list for PBXNativeTarget "PhotoFiltersTests" */ = {
			isa = XCConfigurationList;
			buildConfigurations = (
				892DB49D19E72C2100A66BD5 /* Debug */,
				892DB49E19E72C2100A66BD5 /* Release */,
			);
			defaultConfigurationIsVisible = 0;
			defaultConfigurationName = Release;
		};
/* End XCConfigurationList section */
	};
	rootObject = 892DB47219E72C2100A66BD5 /* Project object */;
}
